
Microsoft Visual Studio Solution File, Format Version 12.00
# Visual Studio Version 16
VisualStudioVersion = 16.0.30320.27
MinimumVisualStudioVersion = 10.0.40219.1
Project("{FAE04EC0-301F-11D3-BF4B-00C04F79EFBC}") = "Kata.WcfSvcLessAutofac", "Kata.WcfSvcLessAutofac\Kata.WcfSvcLessAutofac.csproj", "{1383A575-D987-43F2-AE70-0D1CCFE4F316}"
EndProject
Project("{FAE04EC0-301F-11D3-BF4B-00C04F79EFBC}") = "Kata.WcfSvcLessAutofac.Console", "Kata.WcfSvcLessAutofac.Console\Kata.WcfSvcLessAutofac.Console.csproj", "{B8D7248A-624A-4914-85B3-CE86C9BD336D}"
EndProject
Global
	GlobalSection(SolutionConfigurationPlatforms) = preSolution
		Debug|Any CPU = Debug|Any CPU
		Release|Any CPU = Release|Any CPU
	EndGlobalSection
	GlobalSection(ProjectConfigurationPlatforms) = postSolution
		{1383A575-D987-43F2-AE70-0D1CCFE4F316}.Debug|Any CPU.ActiveCfg = Debug|Any CPU
		{1383A575-D987-43F2-AE70-0D1CCFE4F316}.Debug|Any CPU.Build.0 = Debug|Any CPU
		{1383A575-D987-43F2-AE70-0D1CCFE4F316}.Release|Any CPU.ActiveCfg = Release|Any CPU
		{1383A575-D987-43F2-AE70-0D1CCFE4F316}.Release|Any CPU.Build.0 = Release|Any CPU
		{B8D7248A-624A-4914-85B3-CE86C9BD336D}.Debug|Any CPU.ActiveCfg = Debug|Any CPU
		{B8D7248A-624A-4914-85B3-CE86C9BD336D}.Debug|Any CPU.Build.0 = Debug|Any CPU
		{B8D7248A-624A-4914-85B3-CE86C9BD336D}.Release|Any CPU.ActiveCfg = Release|Any CPU
		{B8D7248A-624A-4914-85B3-CE86C9BD336D}.Release|Any CPU.Build.0 = Release|Any CPU
	EndGlobalSection
	GlobalSection(SolutionProperties) = preSolution
		HideSolutionNode = FALSE
	EndGlobalSection
	GlobalSection(ExtensibilityGlobals) = postSolution
		SolutionGuid = {F2218712-640A-4BEA-BB0C-CDB177BD1916}
	EndGlobalSection
EndGlobal
